
Microsoft Visual Studio Solution File, Format Version 12.00
# Visual Studio Version 17
VisualStudioVersion = 17.1.32421.90
MinimumVisualStudioVersion = 10.0.40219.1
Project("{8BC9CEB8-8B4A-11D0-8D11-00A0C91BC942}") = "MazeGit", "MazeGit\MazeGit.vcxproj", "{E8160D0A-DB59-4FC6-B0EB-DCFBA6313B11}"
EndProject
Project("{8BC9CEB8-8B4A-11D0-8D11-00A0C91BC942}") = "LevelEditor", "LevelEditor\LevelEditor.vcxproj", "{0D8969F1-3EC3-4E9F-B734-8C61642AFECF}"
EndProject
Project("{8BC9CEB8-8B4A-11D0-8D11-00A0C91BC942}") = "Utils", "Utils\Utils.vcxproj", "{EC9C5655-FFA9-4FBB-9745-D0171DA95EE5}"
EndProject
Global
	GlobalSection(SolutionConfigurationPlatforms) = preSolution
		Debug|x64 = Debug|x64
		Debug|x86 = Debug|x86
		Release|x64 = Release|x64
		Release|x86 = Release|x86
	EndGlobalSection
	GlobalSection(ProjectConfigurationPlatforms) = postSolution
		{E8160D0A-DB59-4FC6-B0EB-DCFBA6313B11}.Debug|x64.ActiveCfg = Debug|x64
		{E8160D0A-DB59-4FC6-B0EB-DCFBA6313B11}.Debug|x64.Build.0 = Debug|x64
		{E8160D0A-DB59-4FC6-B0EB-DCFBA6313B11}.Debug|x86.ActiveCfg = Debug|Win32
		{E8160D0A-DB59-4FC6-B0EB-DCFBA6313B11}.Debug|x86.Build.0 = Debug|Win32
		{E8160D0A-DB59-4FC6-B0EB-DCFBA6313B11}.Release|x64.ActiveCfg = Release|x64
		{E8160D0A-DB59-4FC6-B0EB-DCFBA6313B11}.Release|x64.Build.0 = Release|x64
		{E8160D0A-DB59-4FC6-B0EB-DCFBA6313B11}.Release|x86.ActiveCfg = Release|Win32
		{E8160D0A-DB59-4FC6-B0EB-DCFBA6313B11}.Release|x86.Build.0 = Release|Win32
		{0D8969F1-3EC3-4E9F-B734-8C61642AFECF}.Debug|x64.ActiveCfg = Debug|x64
		{0D8969F1-3EC3-4E9F-B734-8C61642AFECF}.Debug|x64.Build.0 = Debug|x64
		{0D8969F1-3EC3-4E9F-B734-8C61642AFECF}.Debug|x86.ActiveCfg = Debug|Win32
		{0D8969F1-3EC3-4E9F-B734-8C61642AFECF}.Debug|x86.Build.0 = Debug|Win32
		{0D8969F1-3EC3-4E9F-B734-8C61642AFECF}.Release|x64.ActiveCfg = Release|x64
		{0D8969F1-3EC3-4E9F-B734-8C61642AFECF}.Release|x64.Build.0 = Release|x64
		{0D8969F1-3EC3-4E9F-B734-8C61642AFECF}.Release|x86.ActiveCfg = Release|Win32
		{0D8969F1-3EC3-4E9F-B734-8C61642AFECF}.Release|x86.Build.0 = Release|Win32
		{EC9C5655-FFA9-4FBB-9745-D0171DA95EE5}.Debug|x64.ActiveCfg = Debug|x64
		{EC9C5655-FFA9-4FBB-9745-D0171DA95EE5}.Debug|x64.Build.0 = Debug|x64
		{EC9C5655-FFA9-4FBB-9745-D0171DA95EE5}.Debug|x86.ActiveCfg = Debug|Win32
		{EC9C5655-FFA9-4FBB-9745-D0171DA95EE5}.Debug|x86.Build.0 = Debug|Win32
		{EC9C5655-FFA9-4FBB-9745-D0171DA95EE5}.Release|x64.ActiveCfg = Release|x64
		{EC9C5655-FFA9-4FBB-9745-D0171DA95EE5}.Release|x64.Build.0 = Release|x64
		{EC9C5655-FFA9-4FBB-9745-D0171DA95EE5}.Release|x86.ActiveCfg = Release|Win32
		{EC9C5655-FFA9-4FBB-9745-D0171DA95EE5}.Release|x86.Build.0 = Release|Win32
	EndGlobalSection
	GlobalSection(SolutionProperties) = preSolution
		HideSolutionNode = FALSE
	EndGlobalSection
	GlobalSection(ExtensibilityGlobals) = postSolution
		SolutionGuid = {02EDF033-826D-4367-B4C3-7FBD79B8C984}
	EndGlobalSection
EndGlobal
